// !$*UTF8*$!
{
	archiveVersion = 1;
	classes = {
	};
	objectVersion = 46;
	objects = {

/* Begin PBXBuildFile section */
		8804AD77185A326F00C6A8E5 /* FoilNavigationController.m in Sources */ = {isa = PBXBuildFile; fileRef = 8804AD76185A326F00C6A8E5 /* FoilNavigationController.m */; };
		884259F61864AF340044D782 /* TooltipController.m in Sources */ = {isa = PBXBuildFile; fileRef = 884259F51864AF340044D782 /* TooltipController.m */; };
		884E17FD17EA101100300649 /* IndicatorDisplayCell.m in Sources */ = {isa = PBXBuildFile; fileRef = 884E17FC17EA101100300649 /* IndicatorDisplayCell.m */; };
		8858945217E33B5C00D999BC /* Reachability.m in Sources */ = {isa = PBXBuildFile; fileRef = 8858945117E33B5C00D999BC /* Reachability.m */; };
		8858945417E34A9B00D999BC /* SystemConfiguration.framework in Frameworks */ = {isa = PBXBuildFile; fileRef = 8858945317E34A9B00D999BC /* SystemConfiguration.framework */; };
		885AFD2B184E6638001E3B49 /* TutorialViewController.m in Sources */ = {isa = PBXBuildFile; fileRef = 885AFD2A184E6638001E3B49 /* TutorialViewController.m */; };
		885AFD2E184E6652001E3B49 /* AboutViewController.m in Sources */ = {isa = PBXBuildFile; fileRef = 885AFD2D184E6652001E3B49 /* AboutViewController.m */; };
		885AFD33184E667A001E3B49 /* SlideoutViewController.m in Sources */ = {isa = PBXBuildFile; fileRef = 885AFD30184E667A001E3B49 /* SlideoutViewController.m */; };
		885AFD34184E667A001E3B49 /* SlidoutController.m in Sources */ = {isa = PBXBuildFile; fileRef = 885AFD32184E667A001E3B49 /* SlidoutController.m */; };
		885BC05017ECCED200B7FD62 /* QuartzCore.framework in Frameworks */ = {isa = PBXBuildFile; fileRef = 885BC04F17ECCED200B7FD62 /* QuartzCore.framework */; };
		88623CBE17E23044007742BB /* Images.xcassets in Resources */ = {isa = PBXBuildFile; fileRef = 88623CBD17E23044007742BB /* Images.xcassets */; };
		888655F91875B3DC00B433FF /* SVBackstageViewController.m in Sources */ = {isa = PBXBuildFile; fileRef = 888655F81875B3DB00B433FF /* SVBackstageViewController.m */; };
		888FCEE018638AA200D9ED0C /* KeychainItemWrapper.m in Sources */ = {isa = PBXBuildFile; fileRef = 888FCEDF18638AA200D9ED0C /* KeychainItemWrapper.m */; };
		88BCA5E217E0A6A40066DE2C /* RootTabBarViewController.m in Sources */ = {isa = PBXBuildFile; fileRef = 88BCA5E117E0A6A40066DE2C /* RootTabBarViewController.m */; };
		88BCA5E517E0A8DD0066DE2C /* DefaultChartViewController.m in Sources */ = {isa = PBXBuildFile; fileRef = 88BCA5E417E0A8DD0066DE2C /* DefaultChartViewController.m */; };
		88BCA5E817E0B7520066DE2C /* Indicator.m in Sources */ = {isa = PBXBuildFile; fileRef = 88BCA5E717E0B7520066DE2C /* Indicator.m */; };
		88BCA5EB17E0EABF0066DE2C /* IndicatorData.m in Sources */ = {isa = PBXBuildFile; fileRef = 88BCA5EA17E0EABF0066DE2C /* IndicatorData.m */; };
		88D07AB2187EB7ED00E90050 /* Security.framework in Frameworks */ = {isa = PBXBuildFile; fileRef = B3D3CBC418105C96000C6AA0 /* Security.framework */; };
		88D07AC0187EC67C00E90050 /* ShinobiCharts.framework in Frameworks */ = {isa = PBXBuildFile; fileRef = B3D3CBBC18105C1A000C6AA0 /* ShinobiCharts.framework */; };
		88D07AC1187EC68200E90050 /* ShinobiGrids.framework in Frameworks */ = {isa = PBXBuildFile; fileRef = B35287D01817669500D161F6 /* ShinobiGrids.framework */; };
		88D07AC3187EC69300E90050 /* libc++.dylib in Frameworks */ = {isa = PBXBuildFile; fileRef = 88D07AC2187EC69300E90050 /* libc++.dylib */; };
		88D3D405186C9102000A5D19 /* NoIndicatorSelectedVC.m in Sources */ = {isa = PBXBuildFile; fileRef = 88D3D404186C9102000A5D19 /* NoIndicatorSelectedVC.m */; };
		B314B34017C86274004612CD /* SubscriberContextCell.m in Sources */ = {isa = PBXBuildFile; fileRef = B314B33F17C86274004612CD /* SubscriberContextCell.m */; };
		B314B34417C985AA004612CD /* Util.m in Sources */ = {isa = PBXBuildFile; fileRef = B314B34317C985AA004612CD /* Util.m */; };
		B321A6BE17A31B01000A7BB7 /* IdentityServices.m in Sources */ = {isa = PBXBuildFile; fileRef = B321A6BD17A31B01000A7BB7 /* IdentityServices.m */; };
		B321A6C217A325AD000A7BB7 /* User.m in Sources */ = {isa = PBXBuildFile; fileRef = B321A6C117A325AD000A7BB7 /* User.m */; };
		B321A6C517A32899000A7BB7 /* Interaction.m in Sources */ = {isa = PBXBuildFile; fileRef = B321A6C417A32899000A7BB7 /* Interaction.m */; };
		B321A6C817A328BC000A7BB7 /* ActionPerformed.m in Sources */ = {isa = PBXBuildFile; fileRef = B321A6C717A328BC000A7BB7 /* ActionPerformed.m */; };
		B321A6CA17A32D82000A7BB7 /* CoreLocation.framework in Frameworks */ = {isa = PBXBuildFile; fileRef = B321A6C917A32D82000A7BB7 /* CoreLocation.framework */; };
		B325C0E41801EAA90055722C /* MediaCache.m in Sources */ = {isa = PBXBuildFile; fileRef = B325C0E31801EAA90055722C /* MediaCache.m */; };
		B3603ED717FB4B4D00349B55 /* SerieInformation.m in Sources */ = {isa = PBXBuildFile; fileRef = B3603ED617FB4B4D00349B55 /* SerieInformation.m */; };
		B36775F317D4D3EB009FBE7F /* DeviceStyle.m in Sources */ = {isa = PBXBuildFile; fileRef = B36775F217D4D3EB009FBE7F /* DeviceStyle.m */; };
		B36775F617D4DBAB009FBE7F /* BasicImageInfo.m in Sources */ = {isa = PBXBuildFile; fileRef = B36775F517D4DBAB009FBE7F /* BasicImageInfo.m */; };
		B3A43E0617A1ABD400D3FF44 /* UIKit.framework in Frameworks */ = {isa = PBXBuildFile; fileRef = B3A43E0517A1ABD400D3FF44 /* UIKit.framework */; };
		B3A43E0817A1ABD400D3FF44 /* Foundation.framework in Frameworks */ = {isa = PBXBuildFile; fileRef = B3A43E0717A1ABD400D3FF44 /* Foundation.framework */; };
		B3A43E0A17A1ABD400D3FF44 /* CoreGraphics.framework in Frameworks */ = {isa = PBXBuildFile; fileRef = B3A43E0917A1ABD400D3FF44 /* CoreGraphics.framework */; };
		B3A43E1017A1ABD400D3FF44 /* InfoPlist.strings in Resources */ = {isa = PBXBuildFile; fileRef = B3A43E0E17A1ABD400D3FF44 /* InfoPlist.strings */; };
		B3A43E1217A1ABD400D3FF44 /* main.m in Sources */ = {isa = PBXBuildFile; fileRef = B3A43E1117A1ABD400D3FF44 /* main.m */; };
		B3A43E1617A1ABD400D3FF44 /* FoilAppDelegate.m in Sources */ = {isa = PBXBuildFile; fileRef = B3A43E1517A1ABD400D3FF44 /* FoilAppDelegate.m */; };
		B3A43E1F17A1ABD400D3FF44 /* MainStoryboard_iPhone.storyboard in Resources */ = {isa = PBXBuildFile; fileRef = B3A43E1D17A1ABD400D3FF44 /* MainStoryboard_iPhone.storyboard */; };
		B3A43E2217A1ABD400D3FF44 /* MainStoryboard_iPad.storyboard in Resources */ = {isa = PBXBuildFile; fileRef = B3A43E2017A1ABD400D3FF44 /* MainStoryboard_iPad.storyboard */; };
		B3A43E2517A1ABD400D3FF44 /* EntranceViewController.m in Sources */ = {isa = PBXBuildFile; fileRef = B3A43E2417A1ABD400D3FF44 /* EntranceViewController.m */; };
		B3A43E3F17A3084600D3FF44 /* AuthenticationViewController.m in Sources */ = {isa = PBXBuildFile; fileRef = B3A43E3E17A3084600D3FF44 /* AuthenticationViewController.m */; };
		B3A5BDE31802EFF000C5B4B0 /* NetworkOperation.m in Sources */ = {isa = PBXBuildFile; fileRef = B3A5BDE21802EFF000C5B4B0 /* NetworkOperation.m */; };
		B3AB94CA17C853FE008CA59E /* SubscriberContextSelectionViewController.m in Sources */ = {isa = PBXBuildFile; fileRef = B3AB94C917C853FE008CA59E /* SubscriberContextSelectionViewController.m */; };
		B3D3CBBF18105C74000C6AA0 /* OpenGLES.framework in Frameworks */ = {isa = PBXBuildFile; fileRef = B3D3CBBE18105C74000C6AA0 /* OpenGLES.framework */; };
		B3D3CBC118105C81000C6AA0 /* CoreText.framework in Frameworks */ = {isa = PBXBuildFile; fileRef = B3D3CBC018105C81000C6AA0 /* CoreText.framework */; };
		B3D3CBC318105C8C000C6AA0 /* libstdc++.dylib in Frameworks */ = {isa = PBXBuildFile; fileRef = B3D3CBC218105C8C000C6AA0 /* libstdc++.dylib */; };
		B3E8143017FF0DC70088A802 /* IndicatorSection.m in Sources */ = {isa = PBXBuildFile; fileRef = B3E8142F17FF0DC70088A802 /* IndicatorSection.m */; };
		B3ED7DFA17A6F4DF00977A76 /* SubscriberContext.m in Sources */ = {isa = PBXBuildFile; fileRef = B3ED7DF917A6F4DF00977A76 /* SubscriberContext.m */; };
		B3ED7DFD17A6F8FA00977A76 /* ContextServices.m in Sources */ = {isa = PBXBuildFile; fileRef = B3ED7DFC17A6F8FA00977A76 /* ContextServices.m */; };
		B3ED7E0017A6F9CC00977A76 /* SubscriberContextExtension.m in Sources */ = {isa = PBXBuildFile; fileRef = B3ED7DFF17A6F9CC00977A76 /* SubscriberContextExtension.m */; };
/* End PBXBuildFile section */

/* Begin PBXFileReference section */
		8804AD75185A326F00C6A8E5 /* FoilNavigationController.h */ = {isa = PBXFileReference; fileEncoding = 4; lastKnownFileType = sourcecode.c.h; path = FoilNavigationController.h; sourceTree = "<group>"; };
		8804AD76185A326F00C6A8E5 /* FoilNavigationController.m */ = {isa = PBXFileReference; fileEncoding = 4; lastKnownFileType = sourcecode.c.objc; path = FoilNavigationController.m; sourceTree = "<group>"; };
		884259F41864AF340044D782 /* TooltipController.h */ = {isa = PBXFileReference; fileEncoding = 4; lastKnownFileType = sourcecode.c.h; path = TooltipController.h; sourceTree = "<group>"; };
		884259F51864AF340044D782 /* TooltipController.m */ = {isa = PBXFileReference; fileEncoding = 4; lastKnownFileType = sourcecode.c.objc; path = TooltipController.m; sourceTree = "<group>"; };
		884E17FB17EA101100300649 /* IndicatorDisplayCell.h */ = {isa = PBXFileReference; fileEncoding = 4; lastKnownFileType = sourcecode.c.h; path = IndicatorDisplayCell.h; sourceTree = "<group>"; };
		884E17FC17EA101100300649 /* IndicatorDisplayCell.m */ = {isa = PBXFileReference; fileEncoding = 4; lastKnownFileType = sourcecode.c.objc; path = IndicatorDisplayCell.m; sourceTree = "<group>"; };
		8858945017E33B5C00D999BC /* Reachability.h */ = {isa = PBXFileReference; fileEncoding = 4; lastKnownFileType = sourcecode.c.h; path = Reachability.h; sourceTree = "<group>"; };
		8858945117E33B5C00D999BC /* Reachability.m */ = {isa = PBXFileReference; fileEncoding = 4; lastKnownFileType = sourcecode.c.objc; path = Reachability.m; sourceTree = "<group>"; };
		8858945317E34A9B00D999BC /* SystemConfiguration.framework */ = {isa = PBXFileReference; lastKnownFileType = wrapper.framework; name = SystemConfiguration.framework; path = System/Library/Frameworks/SystemConfiguration.framework; sourceTree = SDKROOT; };
		885AFD29184E6638001E3B49 /* TutorialViewController.h */ = {isa = PBXFileReference; fileEncoding = 4; lastKnownFileType = sourcecode.c.h; path = TutorialViewController.h; sourceTree = "<group>"; };
		885AFD2A184E6638001E3B49 /* TutorialViewController.m */ = {isa = PBXFileReference; fileEncoding = 4; lastKnownFileType = sourcecode.c.objc; path = TutorialViewController.m; sourceTree = "<group>"; };
		885AFD2C184E6652001E3B49 /* AboutViewController.h */ = {isa = PBXFileReference; fileEncoding = 4; lastKnownFileType = sourcecode.c.h; path = AboutViewController.h; sourceTree = "<group>"; };
		885AFD2D184E6652001E3B49 /* AboutViewController.m */ = {isa = PBXFileReference; fileEncoding = 4; lastKnownFileType = sourcecode.c.objc; path = AboutViewController.m; sourceTree = "<group>"; };
		885AFD2F184E667A001E3B49 /* SlideoutViewController.h */ = {isa = PBXFileReference; fileEncoding = 4; lastKnownFileType = sourcecode.c.h; path = SlideoutViewController.h; sourceTree = "<group>"; };
		885AFD30184E667A001E3B49 /* SlideoutViewController.m */ = {isa = PBXFileReference; fileEncoding = 4; lastKnownFileType = sourcecode.c.objc; path = SlideoutViewController.m; sourceTree = "<group>"; };
		885AFD31184E667A001E3B49 /* SlidoutController.h */ = {isa = PBXFileReference; fileEncoding = 4; lastKnownFileType = sourcecode.c.h; path = SlidoutController.h; sourceTree = "<group>"; };
		885AFD32184E667A001E3B49 /* SlidoutController.m */ = {isa = PBXFileReference; fileEncoding = 4; lastKnownFileType = sourcecode.c.objc; path = SlidoutController.m; sourceTree = "<group>"; };
		885BC04F17ECCED200B7FD62 /* QuartzCore.framework */ = {isa = PBXFileReference; lastKnownFileType = wrapper.framework; name = QuartzCore.framework; path = System/Library/Frameworks/QuartzCore.framework; sourceTree = SDKROOT; };
		88623CBD17E23044007742BB /* Images.xcassets */ = {isa = PBXFileReference; lastKnownFileType = folder.assetcatalog; path = Images.xcassets; sourceTree = "<group>"; };
		888655F71875B3DB00B433FF /* SVBackstageViewController.h */ = {isa = PBXFileReference; fileEncoding = 4; lastKnownFileType = sourcecode.c.h; path = SVBackstageViewController.h; sourceTree = "<group>"; };
		888655F81875B3DB00B433FF /* SVBackstageViewController.m */ = {isa = PBXFileReference; fileEncoding = 4; lastKnownFileType = sourcecode.c.objc; path = SVBackstageViewController.m; sourceTree = "<group>"; };
		888FCEDE18638AA200D9ED0C /* KeychainItemWrapper.h */ = {isa = PBXFileReference; fileEncoding = 4; lastKnownFileType = sourcecode.c.h; path = KeychainItemWrapper.h; sourceTree = "<group>"; };
		888FCEDF18638AA200D9ED0C /* KeychainItemWrapper.m */ = {isa = PBXFileReference; fileEncoding = 4; lastKnownFileType = sourcecode.c.objc; path = KeychainItemWrapper.m; sourceTree = "<group>"; };
		88BCA5E017E0A6A40066DE2C /* RootTabBarViewController.h */ = {isa = PBXFileReference; fileEncoding = 4; lastKnownFileType = sourcecode.c.h; path = RootTabBarViewController.h; sourceTree = "<group>"; };
		88BCA5E117E0A6A40066DE2C /* RootTabBarViewController.m */ = {isa = PBXFileReference; fileEncoding = 4; lastKnownFileType = sourcecode.c.objc; path = RootTabBarViewController.m; sourceTree = "<group>"; };
		88BCA5E317E0A8DD0066DE2C /* DefaultChartViewController.h */ = {isa = PBXFileReference; fileEncoding = 4; lastKnownFileType = sourcecode.c.h; path = DefaultChartViewController.h; sourceTree = "<group>"; };
		88BCA5E417E0A8DD0066DE2C /* DefaultChartViewController.m */ = {isa = PBXFileReference; fileEncoding = 4; lastKnownFileType = sourcecode.c.objc; path = DefaultChartViewController.m; sourceTree = "<group>"; };
		88BCA5E617E0B7520066DE2C /* Indicator.h */ = {isa = PBXFileReference; fileEncoding = 4; lastKnownFileType = sourcecode.c.h; path = Indicator.h; sourceTree = "<group>"; };
		88BCA5E717E0B7520066DE2C /* Indicator.m */ = {isa = PBXFileReference; fileEncoding = 4; lastKnownFileType = sourcecode.c.objc; path = Indicator.m; sourceTree = "<group>"; };
		88BCA5E917E0EABF0066DE2C /* IndicatorData.h */ = {isa = PBXFileReference; fileEncoding = 4; lastKnownFileType = sourcecode.c.h; path = IndicatorData.h; sourceTree = "<group>"; };
		88BCA5EA17E0EABF0066DE2C /* IndicatorData.m */ = {isa = PBXFileReference; fileEncoding = 4; lastKnownFileType = sourcecode.c.objc; path = IndicatorData.m; sourceTree = "<group>"; };
		88D07AC2187EC69300E90050 /* libc++.dylib */ = {isa = PBXFileReference; lastKnownFileType = "compiled.mach-o.dylib"; name = "libc++.dylib"; path = "usr/lib/libc++.dylib"; sourceTree = SDKROOT; };
		88D3D403186C9102000A5D19 /* NoIndicatorSelectedVC.h */ = {isa = PBXFileReference; fileEncoding = 4; lastKnownFileType = sourcecode.c.h; path = NoIndicatorSelectedVC.h; sourceTree = "<group>"; };
		88D3D404186C9102000A5D19 /* NoIndicatorSelectedVC.m */ = {isa = PBXFileReference; fileEncoding = 4; lastKnownFileType = sourcecode.c.objc; path = NoIndicatorSelectedVC.m; sourceTree = "<group>"; };
		B314B33E17C86274004612CD /* SubscriberContextCell.h */ = {isa = PBXFileReference; fileEncoding = 4; lastKnownFileType = sourcecode.c.h; path = SubscriberContextCell.h; sourceTree = "<group>"; };
		B314B33F17C86274004612CD /* SubscriberContextCell.m */ = {isa = PBXFileReference; fileEncoding = 4; lastKnownFileType = sourcecode.c.objc; path = SubscriberContextCell.m; sourceTree = "<group>"; };
		B314B34217C985AA004612CD /* Util.h */ = {isa = PBXFileReference; fileEncoding = 4; lastKnownFileType = sourcecode.c.h; path = Util.h; sourceTree = "<group>"; };
		B314B34317C985AA004612CD /* Util.m */ = {isa = PBXFileReference; fileEncoding = 4; lastKnownFileType = sourcecode.c.objc; path = Util.m; sourceTree = "<group>"; };
		B321A6BC17A31B01000A7BB7 /* IdentityServices.h */ = {isa = PBXFileReference; fileEncoding = 4; lastKnownFileType = sourcecode.c.h; path = IdentityServices.h; sourceTree = "<group>"; };
		B321A6BD17A31B01000A7BB7 /* IdentityServices.m */ = {isa = PBXFileReference; fileEncoding = 4; lastKnownFileType = sourcecode.c.objc; path = IdentityServices.m; sourceTree = "<group>"; };
		B321A6C017A325AD000A7BB7 /* User.h */ = {isa = PBXFileReference; fileEncoding = 4; lastKnownFileType = sourcecode.c.h; path = User.h; sourceTree = "<group>"; };
		B321A6C117A325AD000A7BB7 /* User.m */ = {isa = PBXFileReference; fileEncoding = 4; lastKnownFileType = sourcecode.c.objc; path = User.m; sourceTree = "<group>"; };
		B321A6C317A32899000A7BB7 /* Interaction.h */ = {isa = PBXFileReference; fileEncoding = 4; lastKnownFileType = sourcecode.c.h; path = Interaction.h; sourceTree = "<group>"; };
		B321A6C417A32899000A7BB7 /* Interaction.m */ = {isa = PBXFileReference; fileEncoding = 4; lastKnownFileType = sourcecode.c.objc; path = Interaction.m; sourceTree = "<group>"; };
		B321A6C617A328BC000A7BB7 /* ActionPerformed.h */ = {isa = PBXFileReference; fileEncoding = 4; lastKnownFileType = sourcecode.c.h; path = ActionPerformed.h; sourceTree = "<group>"; };
		B321A6C717A328BC000A7BB7 /* ActionPerformed.m */ = {isa = PBXFileReference; fileEncoding = 4; lastKnownFileType = sourcecode.c.objc; path = ActionPerformed.m; sourceTree = "<group>"; };
		B321A6C917A32D82000A7BB7 /* CoreLocation.framework */ = {isa = PBXFileReference; lastKnownFileType = wrapper.framework; name = CoreLocation.framework; path = System/Library/Frameworks/CoreLocation.framework; sourceTree = SDKROOT; };
		B325C0E21801EAA90055722C /* MediaCache.h */ = {isa = PBXFileReference; fileEncoding = 4; lastKnownFileType = sourcecode.c.h; path = MediaCache.h; sourceTree = "<group>"; };
		B325C0E31801EAA90055722C /* MediaCache.m */ = {isa = PBXFileReference; fileEncoding = 4; lastKnownFileType = sourcecode.c.objc; path = MediaCache.m; sourceTree = "<group>"; };
		B35287D01817669500D161F6 /* ShinobiGrids.framework */ = {isa = PBXFileReference; lastKnownFileType = wrapper.framework; name = ShinobiGrids.framework; path = Library/Frameworks/ShinobiGrids.framework; sourceTree = DEVELOPER_DIR; };
		B3603ED517FB4B4D00349B55 /* SerieInformation.h */ = {isa = PBXFileReference; fileEncoding = 4; lastKnownFileType = sourcecode.c.h; path = SerieInformation.h; sourceTree = "<group>"; };
		B3603ED617FB4B4D00349B55 /* SerieInformation.m */ = {isa = PBXFileReference; fileEncoding = 4; lastKnownFileType = sourcecode.c.objc; path = SerieInformation.m; sourceTree = "<group>"; };
		B36775F117D4D3EB009FBE7F /* DeviceStyle.h */ = {isa = PBXFileReference; fileEncoding = 4; lastKnownFileType = sourcecode.c.h; path = DeviceStyle.h; sourceTree = "<group>"; };
		B36775F217D4D3EB009FBE7F /* DeviceStyle.m */ = {isa = PBXFileReference; fileEncoding = 4; lastKnownFileType = sourcecode.c.objc; path = DeviceStyle.m; sourceTree = "<group>"; };
		B36775F417D4DBAB009FBE7F /* BasicImageInfo.h */ = {isa = PBXFileReference; fileEncoding = 4; lastKnownFileType = sourcecode.c.h; path = BasicImageInfo.h; sourceTree = "<group>"; };
		B36775F517D4DBAB009FBE7F /* BasicImageInfo.m */ = {isa = PBXFileReference; fileEncoding = 4; lastKnownFileType = sourcecode.c.objc; path = BasicImageInfo.m; sourceTree = "<group>"; };
		B3A43E0217A1ABD400D3FF44 /* Foil.app */ = {isa = PBXFileReference; explicitFileType = wrapper.application; includeInIndex = 0; path = Foil.app; sourceTree = BUILT_PRODUCTS_DIR; };
		B3A43E0517A1ABD400D3FF44 /* UIKit.framework */ = {isa = PBXFileReference; lastKnownFileType = wrapper.framework; name = UIKit.framework; path = System/Library/Frameworks/UIKit.framework; sourceTree = SDKROOT; };
		B3A43E0717A1ABD400D3FF44 /* Foundation.framework */ = {isa = PBXFileReference; lastKnownFileType = wrapper.framework; name = Foundation.framework; path = System/Library/Frameworks/Foundation.framework; sourceTree = SDKROOT; };
		B3A43E0917A1ABD400D3FF44 /* CoreGraphics.framework */ = {isa = PBXFileReference; lastKnownFileType = wrapper.framework; name = CoreGraphics.framework; path = System/Library/Frameworks/CoreGraphics.framework; sourceTree = SDKROOT; };
		B3A43E0D17A1ABD400D3FF44 /* Foil-Info.plist */ = {isa = PBXFileReference; lastKnownFileType = text.plist.xml; path = "Foil-Info.plist"; sourceTree = "<group>"; };
		B3A43E0F17A1ABD400D3FF44 /* en */ = {isa = PBXFileReference; lastKnownFileType = text.plist.strings; name = en; path = en.lproj/InfoPlist.strings; sourceTree = "<group>"; };
		B3A43E1117A1ABD400D3FF44 /* main.m */ = {isa = PBXFileReference; lastKnownFileType = sourcecode.c.objc; path = main.m; sourceTree = "<group>"; };
		B3A43E1317A1ABD400D3FF44 /* Foil-Prefix.pch */ = {isa = PBXFileReference; lastKnownFileType = sourcecode.c.h; path = "Foil-Prefix.pch"; sourceTree = "<group>"; };
		B3A43E1417A1ABD400D3FF44 /* FoilAppDelegate.h */ = {isa = PBXFileReference; lastKnownFileType = sourcecode.c.h; path = FoilAppDelegate.h; sourceTree = "<group>"; };
		B3A43E1517A1ABD400D3FF44 /* FoilAppDelegate.m */ = {isa = PBXFileReference; lastKnownFileType = sourcecode.c.objc; path = FoilAppDelegate.m; sourceTree = "<group>"; };
		B3A43E1E17A1ABD400D3FF44 /* en */ = {isa = PBXFileReference; lastKnownFileType = file.storyboard; name = en; path = en.lproj/MainStoryboard_iPhone.storyboard; sourceTree = "<group>"; };
		B3A43E2117A1ABD400D3FF44 /* en */ = {isa = PBXFileReference; lastKnownFileType = file.storyboard; name = en; path = en.lproj/MainStoryboard_iPad.storyboard; sourceTree = "<group>"; };
		B3A43E2317A1ABD400D3FF44 /* EntranceViewController.h */ = {isa = PBXFileReference; lastKnownFileType = sourcecode.c.h; path = EntranceViewController.h; sourceTree = "<group>"; };
		B3A43E2417A1ABD400D3FF44 /* EntranceViewController.m */ = {isa = PBXFileReference; lastKnownFileType = sourcecode.c.objc; path = EntranceViewController.m; sourceTree = "<group>"; };
		B3A43E3D17A3084600D3FF44 /* AuthenticationViewController.h */ = {isa = PBXFileReference; fileEncoding = 4; lastKnownFileType = sourcecode.c.h; path = AuthenticationViewController.h; sourceTree = "<group>"; };
		B3A43E3E17A3084600D3FF44 /* AuthenticationViewController.m */ = {isa = PBXFileReference; fileEncoding = 4; lastKnownFileType = sourcecode.c.objc; path = AuthenticationViewController.m; sourceTree = "<group>"; };
		B3A5BDE11802EFF000C5B4B0 /* NetworkOperation.h */ = {isa = PBXFileReference; fileEncoding = 4; lastKnownFileType = sourcecode.c.h; path = NetworkOperation.h; sourceTree = "<group>"; };
		B3A5BDE21802EFF000C5B4B0 /* NetworkOperation.m */ = {isa = PBXFileReference; fileEncoding = 4; lastKnownFileType = sourcecode.c.objc; path = NetworkOperation.m; sourceTree = "<group>"; };
		B3AB94C817C853FE008CA59E /* SubscriberContextSelectionViewController.h */ = {isa = PBXFileReference; fileEncoding = 4; lastKnownFileType = sourcecode.c.h; path = SubscriberContextSelectionViewController.h; sourceTree = "<group>"; };
		B3AB94C917C853FE008CA59E /* SubscriberContextSelectionViewController.m */ = {isa = PBXFileReference; fileEncoding = 4; lastKnownFileType = sourcecode.c.objc; path = SubscriberContextSelectionViewController.m; sourceTree = "<group>"; };
		B3D3CBBC18105C1A000C6AA0 /* ShinobiCharts.framework */ = {isa = PBXFileReference; lastKnownFileType = wrapper.framework; name = ShinobiCharts.framework; path = Library/Frameworks/ShinobiCharts.framework; sourceTree = DEVELOPER_DIR; };
		B3D3CBBE18105C74000C6AA0 /* OpenGLES.framework */ = {isa = PBXFileReference; lastKnownFileType = wrapper.framework; name = OpenGLES.framework; path = System/Library/Frameworks/OpenGLES.framework; sourceTree = SDKROOT; };
		B3D3CBC018105C81000C6AA0 /* CoreText.framework */ = {isa = PBXFileReference; lastKnownFileType = wrapper.framework; name = CoreText.framework; path = System/Library/Frameworks/CoreText.framework; sourceTree = SDKROOT; };
		B3D3CBC218105C8C000C6AA0 /* libstdc++.dylib */ = {isa = PBXFileReference; lastKnownFileType = "compiled.mach-o.dylib"; name = "libstdc++.dylib"; path = "usr/lib/libstdc++.dylib"; sourceTree = SDKROOT; };
		B3D3CBC418105C96000C6AA0 /* Security.framework */ = {isa = PBXFileReference; lastKnownFileType = wrapper.framework; name = Security.framework; path = System/Library/Frameworks/Security.framework; sourceTree = SDKROOT; };
		B3E8142E17FF0DC70088A802 /* IndicatorSection.h */ = {isa = PBXFileReference; fileEncoding = 4; lastKnownFileType = sourcecode.c.h; path = IndicatorSection.h; sourceTree = "<group>"; };
		B3E8142F17FF0DC70088A802 /* IndicatorSection.m */ = {isa = PBXFileReference; fileEncoding = 4; lastKnownFileType = sourcecode.c.objc; path = IndicatorSection.m; sourceTree = "<group>"; };
		B3ED7DF817A6F4DF00977A76 /* SubscriberContext.h */ = {isa = PBXFileReference; fileEncoding = 4; lastKnownFileType = sourcecode.c.h; path = SubscriberContext.h; sourceTree = "<group>"; };
		B3ED7DF917A6F4DF00977A76 /* SubscriberContext.m */ = {isa = PBXFileReference; fileEncoding = 4; lastKnownFileType = sourcecode.c.objc; path = SubscriberContext.m; sourceTree = "<group>"; };
		B3ED7DFB17A6F8FA00977A76 /* ContextServices.h */ = {isa = PBXFileReference; fileEncoding = 4; lastKnownFileType = sourcecode.c.h; path = ContextServices.h; sourceTree = "<group>"; };
		B3ED7DFC17A6F8FA00977A76 /* ContextServices.m */ = {isa = PBXFileReference; fileEncoding = 4; lastKnownFileType = sourcecode.c.objc; path = ContextServices.m; sourceTree = "<group>"; };
		B3ED7DFE17A6F9CC00977A76 /* SubscriberContextExtension.h */ = {isa = PBXFileReference; fileEncoding = 4; lastKnownFileType = sourcecode.c.h; path = SubscriberContextExtension.h; sourceTree = "<group>"; };
		B3ED7DFF17A6F9CC00977A76 /* SubscriberContextExtension.m */ = {isa = PBXFileReference; fileEncoding = 4; lastKnownFileType = sourcecode.c.objc; path = SubscriberContextExtension.m; sourceTree = "<group>"; };
/* End PBXFileReference section */

/* Begin PBXFrameworksBuildPhase section */
		B3A43DFF17A1ABD400D3FF44 /* Frameworks */ = {
			isa = PBXFrameworksBuildPhase;
			buildActionMask = 2147483647;
			files = (
				88D07AC3187EC69300E90050 /* libc++.dylib in Frameworks */,
				88D07AC1187EC68200E90050 /* ShinobiGrids.framework in Frameworks */,
				88D07AC0187EC67C00E90050 /* ShinobiCharts.framework in Frameworks */,
				88D07AB2187EB7ED00E90050 /* Security.framework in Frameworks */,
				885BC05017ECCED200B7FD62 /* QuartzCore.framework in Frameworks */,
				B3D3CBBF18105C74000C6AA0 /* OpenGLES.framework in Frameworks */,
				B3D3CBC118105C81000C6AA0 /* CoreText.framework in Frameworks */,
				B3D3CBC318105C8C000C6AA0 /* libstdc++.dylib in Frameworks */,
				8858945417E34A9B00D999BC /* SystemConfiguration.framework in Frameworks */,
				B321A6CA17A32D82000A7BB7 /* CoreLocation.framework in Frameworks */,
				B3A43E0617A1ABD400D3FF44 /* UIKit.framework in Frameworks */,
				B3A43E0817A1ABD400D3FF44 /* Foundation.framework in Frameworks */,
				B3A43E0A17A1ABD400D3FF44 /* CoreGraphics.framework in Frameworks */,
			);
			runOnlyForDeploymentPostprocessing = 0;
		};
/* End PBXFrameworksBuildPhase section */

/* Begin PBXGroup section */
		B314B34117C9858F004612CD /* Util */ = {
			isa = PBXGroup;
			children = (
				B314B34217C985AA004612CD /* Util.h */,
				B314B34317C985AA004612CD /* Util.m */,
				8858945017E33B5C00D999BC /* Reachability.h */,
				8858945117E33B5C00D999BC /* Reachability.m */,
				B325C0E21801EAA90055722C /* MediaCache.h */,
				B325C0E31801EAA90055722C /* MediaCache.m */,
				B3A5BDE11802EFF000C5B4B0 /* NetworkOperation.h */,
				B3A5BDE21802EFF000C5B4B0 /* NetworkOperation.m */,
				884259F41864AF340044D782 /* TooltipController.h */,
				884259F51864AF340044D782 /* TooltipController.m */,
				888FCEDE18638AA200D9ED0C /* KeychainItemWrapper.h */,
				888FCEDF18638AA200D9ED0C /* KeychainItemWrapper.m */,
				888655F71875B3DB00B433FF /* SVBackstageViewController.h */,
				888655F81875B3DB00B433FF /* SVBackstageViewController.m */,
				885AFD2F184E667A001E3B49 /* SlideoutViewController.h */,
				885AFD30184E667A001E3B49 /* SlideoutViewController.m */,
				885AFD31184E667A001E3B49 /* SlidoutController.h */,
				885AFD32184E667A001E3B49 /* SlidoutController.m */,
			);
			name = Util;
			sourceTree = "<group>";
		};
		B321A6B917A31945000A7BB7 /* Storyboards */ = {
			isa = PBXGroup;
			children = (
				B3A43E1D17A1ABD400D3FF44 /* MainStoryboard_iPhone.storyboard */,
				B3A43E2017A1ABD400D3FF44 /* MainStoryboard_iPad.storyboard */,
			);
			name = Storyboards;
			sourceTree = "<group>";
		};
		B321A6BA17A31956000A7BB7 /* Interface Package */ = {
			isa = PBXGroup;
			children = (
				885AFD2C184E6652001E3B49 /* AboutViewController.h */,
				885AFD2D184E6652001E3B49 /* AboutViewController.m */,
				885AFD29184E6638001E3B49 /* TutorialViewController.h */,
				885AFD2A184E6638001E3B49 /* TutorialViewController.m */,
				B3A43E1417A1ABD400D3FF44 /* FoilAppDelegate.h */,
				B3A43E1517A1ABD400D3FF44 /* FoilAppDelegate.m */,
				B3A43E2317A1ABD400D3FF44 /* EntranceViewController.h */,
				B3A43E2417A1ABD400D3FF44 /* EntranceViewController.m */,
				B3A43E3D17A3084600D3FF44 /* AuthenticationViewController.h */,
				B3A43E3E17A3084600D3FF44 /* AuthenticationViewController.m */,
				B3AB94C817C853FE008CA59E /* SubscriberContextSelectionViewController.h */,
				B3AB94C917C853FE008CA59E /* SubscriberContextSelectionViewController.m */,
				B314B33E17C86274004612CD /* SubscriberContextCell.h */,
				B314B33F17C86274004612CD /* SubscriberContextCell.m */,
				88BCA5E017E0A6A40066DE2C /* RootTabBarViewController.h */,
				88BCA5E117E0A6A40066DE2C /* RootTabBarViewController.m */,
				88BCA5E317E0A8DD0066DE2C /* DefaultChartViewController.h */,
				88BCA5E417E0A8DD0066DE2C /* DefaultChartViewController.m */,
				88D3D403186C9102000A5D19 /* NoIndicatorSelectedVC.h */,
				88D3D404186C9102000A5D19 /* NoIndicatorSelectedVC.m */,
				884E17FB17EA101100300649 /* IndicatorDisplayCell.h */,
				884E17FC17EA101100300649 /* IndicatorDisplayCell.m */,
				8804AD75185A326F00C6A8E5 /* FoilNavigationController.h */,
				8804AD76185A326F00C6A8E5 /* FoilNavigationController.m */,
			);
			name = "Interface Package";
			sourceTree = "<group>";
		};
		B321A6BB17A31965000A7BB7 /* Services Package */ = {
			isa = PBXGroup;
			children = (
				B321A6BC17A31B01000A7BB7 /* IdentityServices.h */,
				B321A6BD17A31B01000A7BB7 /* IdentityServices.m */,
				B3ED7DFB17A6F8FA00977A76 /* ContextServices.h */,
				B3ED7DFC17A6F8FA00977A76 /* ContextServices.m */,
			);
			name = "Services Package";
			sourceTree = "<group>";
		};
		B321A6BF17A3253A000A7BB7 /* Entities Package */ = {
			isa = PBXGroup;
			children = (
				B321A6C017A325AD000A7BB7 /* User.h */,
				B321A6C117A325AD000A7BB7 /* User.m */,
				B321A6C317A32899000A7BB7 /* Interaction.h */,
				B321A6C417A32899000A7BB7 /* Interaction.m */,
				B321A6C617A328BC000A7BB7 /* ActionPerformed.h */,
				B321A6C717A328BC000A7BB7 /* ActionPerformed.m */,
				B3ED7DF817A6F4DF00977A76 /* SubscriberContext.h */,
				B3ED7DF917A6F4DF00977A76 /* SubscriberContext.m */,
				B3ED7DFE17A6F9CC00977A76 /* SubscriberContextExtension.h */,
				B3ED7DFF17A6F9CC00977A76 /* SubscriberContextExtension.m */,
				B36775F117D4D3EB009FBE7F /* DeviceStyle.h */,
				B36775F217D4D3EB009FBE7F /* DeviceStyle.m */,
				B36775F417D4DBAB009FBE7F /* BasicImageInfo.h */,
				B36775F517D4DBAB009FBE7F /* BasicImageInfo.m */,
				88BCA5E617E0B7520066DE2C /* Indicator.h */,
				88BCA5E717E0B7520066DE2C /* Indicator.m */,
				88BCA5E917E0EABF0066DE2C /* IndicatorData.h */,
				88BCA5EA17E0EABF0066DE2C /* IndicatorData.m */,
				B3603ED517FB4B4D00349B55 /* SerieInformation.h */,
				B3603ED617FB4B4D00349B55 /* SerieInformation.m */,
				B3E8142E17FF0DC70088A802 /* IndicatorSection.h */,
				B3E8142F17FF0DC70088A802 /* IndicatorSection.m */,
			);
			name = "Entities Package";
			sourceTree = "<group>";
		};
		B3A43DF917A1ABD400D3FF44 = {
			isa = PBXGroup;
			children = (
				B3A43E0B17A1ABD400D3FF44 /* Foil */,
				B3A43E0417A1ABD400D3FF44 /* Frameworks */,
				B3A43E0317A1ABD400D3FF44 /* Products */,
			);
			sourceTree = "<group>";
		};
		B3A43E0317A1ABD400D3FF44 /* Products */ = {
			isa = PBXGroup;
			children = (
				B3A43E0217A1ABD400D3FF44 /* Foil.app */,
			);
			name = Products;
			sourceTree = "<group>";
		};
		B3A43E0417A1ABD400D3FF44 /* Frameworks */ = {
			isa = PBXGroup;
			children = (
				88D07AC2187EC69300E90050 /* libc++.dylib */,
				B3D3CBBC18105C1A000C6AA0 /* ShinobiCharts.framework */,
				B35287D01817669500D161F6 /* ShinobiGrids.framework */,
				B3D3CBC418105C96000C6AA0 /* Security.framework */,
				B3D3CBC218105C8C000C6AA0 /* libstdc++.dylib */,
				B3D3CBC018105C81000C6AA0 /* CoreText.framework */,
				B3D3CBBE18105C74000C6AA0 /* OpenGLES.framework */,
				885BC04F17ECCED200B7FD62 /* QuartzCore.framework */,
				8858945317E34A9B00D999BC /* SystemConfiguration.framework */,
				B321A6C917A32D82000A7BB7 /* CoreLocation.framework */,
				B3A43E0517A1ABD400D3FF44 /* UIKit.framework */,
				B3A43E0717A1ABD400D3FF44 /* Foundation.framework */,
				B3A43E0917A1ABD400D3FF44 /* CoreGraphics.framework */,
			);
			name = Frameworks;
			sourceTree = "<group>";
		};
		B3A43E0B17A1ABD400D3FF44 /* Foil */ = {
			isa = PBXGroup;
			children = (
				B314B34117C9858F004612CD /* Util */,
				B321A6BF17A3253A000A7BB7 /* Entities Package */,
				B321A6BB17A31965000A7BB7 /* Services Package */,
				B321A6BA17A31956000A7BB7 /* Interface Package */,
				B321A6B917A31945000A7BB7 /* Storyboards */,
				88623CBD17E23044007742BB /* Images.xcassets */,
				B3A43E0C17A1ABD400D3FF44 /* Supporting Files */,
			);
			path = Foil;
			sourceTree = "<group>";
		};
		B3A43E0C17A1ABD400D3FF44 /* Supporting Files */ = {
			isa = PBXGroup;
			children = (
				B3A43E0D17A1ABD400D3FF44 /* Foil-Info.plist */,
				B3A43E0E17A1ABD400D3FF44 /* InfoPlist.strings */,
				B3A43E1117A1ABD400D3FF44 /* main.m */,
				B3A43E1317A1ABD400D3FF44 /* Foil-Prefix.pch */,
			);
			name = "Supporting Files";
			sourceTree = "<group>";
		};
/* End PBXGroup section */

/* Begin PBXNativeTarget section */
		B3A43E0117A1ABD400D3FF44 /* Foil */ = {
			isa = PBXNativeTarget;
			buildConfigurationList = B3A43E2817A1ABD400D3FF44 /* Build configuration list for PBXNativeTarget "Foil" */;
			buildPhases = (
				B3A43DFE17A1ABD400D3FF44 /* Sources */,
				B3A43DFF17A1ABD400D3FF44 /* Frameworks */,
				B3A43E0017A1ABD400D3FF44 /* Resources */,
			);
			buildRules = (
			);
			dependencies = (
			);
			name = Foil;
			productName = Foil;
			productReference = B3A43E0217A1ABD400D3FF44 /* Foil.app */;
			productType = "com.apple.product-type.application";
		};
/* End PBXNativeTarget section */

/* Begin PBXProject section */
		B3A43DFA17A1ABD400D3FF44 /* Project object */ = {
			isa = PBXProject;
			attributes = {
				CLASSPREFIX = Foil;
				LastUpgradeCheck = 0460;
				ORGANIZATIONNAME = "Leonardo Ferreira";
			};
			buildConfigurationList = B3A43DFD17A1ABD400D3FF44 /* Build configuration list for PBXProject "Foil" */;
			compatibilityVersion = "Xcode 3.2";
			developmentRegion = English;
			hasScannedForEncodings = 0;
			knownRegions = (
				en,
			);
			mainGroup = B3A43DF917A1ABD400D3FF44;
			productRefGroup = B3A43E0317A1ABD400D3FF44 /* Products */;
			projectDirPath = "";
			projectRoot = "";
			targets = (
				B3A43E0117A1ABD400D3FF44 /* Foil */,
			);
		};
/* End PBXProject section */

/* Begin PBXResourcesBuildPhase section */
		B3A43E0017A1ABD400D3FF44 /* Resources */ = {
			isa = PBXResourcesBuildPhase;
			buildActionMask = 2147483647;
			files = (
				B3A43E1017A1ABD400D3FF44 /* InfoPlist.strings in Resources */,
				88623CBE17E23044007742BB /* Images.xcassets in Resources */,
				B3A43E1F17A1ABD400D3FF44 /* MainStoryboard_iPhone.storyboard in Resources */,
				B3A43E2217A1ABD400D3FF44 /* MainStoryboard_iPad.storyboard in Resources */,
			);
			runOnlyForDeploymentPostprocessing = 0;
		};
/* End PBXResourcesBuildPhase section */

/* Begin PBXSourcesBuildPhase section */
		B3A43DFE17A1ABD400D3FF44 /* Sources */ = {
			isa = PBXSourcesBuildPhase;
			buildActionMask = 2147483647;
			files = (
				B3A43E1217A1ABD400D3FF44 /* main.m in Sources */,
				B3A43E1617A1ABD400D3FF44 /* FoilAppDelegate.m in Sources */,
				B3A43E2517A1ABD400D3FF44 /* EntranceViewController.m in Sources */,
				B3A43E3F17A3084600D3FF44 /* AuthenticationViewController.m in Sources */,
				B321A6BE17A31B01000A7BB7 /* IdentityServices.m in Sources */,
				885AFD33184E667A001E3B49 /* SlideoutViewController.m in Sources */,
				8804AD77185A326F00C6A8E5 /* FoilNavigationController.m in Sources */,
				B314B34417C985AA004612CD /* Util.m in Sources */,
				B321A6C217A325AD000A7BB7 /* User.m in Sources */,
				B314B34017C86274004612CD /* SubscriberContextCell.m in Sources */,
				B321A6C517A32899000A7BB7 /* Interaction.m in Sources */,
				B3AB94CA17C853FE008CA59E /* SubscriberContextSelectionViewController.m in Sources */,
				888FCEE018638AA200D9ED0C /* KeychainItemWrapper.m in Sources */,
				885AFD2E184E6652001E3B49 /* AboutViewController.m in Sources */,
				8858945217E33B5C00D999BC /* Reachability.m in Sources */,
				885AFD2B184E6638001E3B49 /* TutorialViewController.m in Sources */,
				B3603ED717FB4B4D00349B55 /* SerieInformation.m in Sources */,
				888655F91875B3DC00B433FF /* SVBackstageViewController.m in Sources */,
				B321A6C817A328BC000A7BB7 /* ActionPerformed.m in Sources */,
				88D3D405186C9102000A5D19 /* NoIndicatorSelectedVC.m in Sources */,
				B3E8143017FF0DC70088A802 /* IndicatorSection.m in Sources */,
				B36775F317D4D3EB009FBE7F /* DeviceStyle.m in Sources */,
				B325C0E41801EAA90055722C /* MediaCache.m in Sources */,
				B3A5BDE31802EFF000C5B4B0 /* NetworkOperation.m in Sources */,
				884E17FD17EA101100300649 /* IndicatorDisplayCell.m in Sources */,
				B36775F617D4DBAB009FBE7F /* BasicImageInfo.m in Sources */,
				88BCA5E517E0A8DD0066DE2C /* DefaultChartViewController.m in Sources */,
				88BCA5E217E0A6A40066DE2C /* RootTabBarViewController.m in Sources */,
				884259F61864AF340044D782 /* TooltipController.m in Sources */,
				885AFD34184E667A001E3B49 /* SlidoutController.m in Sources */,
				B3ED7DFA17A6F4DF00977A76 /* SubscriberContext.m in Sources */,
				88BCA5E817E0B7520066DE2C /* Indicator.m in Sources */,
				88BCA5EB17E0EABF0066DE2C /* IndicatorData.m in Sources */,
				B3ED7DFD17A6F8FA00977A76 /* ContextServices.m in Sources */,
				B3ED7E0017A6F9CC00977A76 /* SubscriberContextExtension.m in Sources */,
			);
			runOnlyForDeploymentPostprocessing = 0;
		};
/* End PBXSourcesBuildPhase section */

/* Begin PBXVariantGroup section */
		B3A43E0E17A1ABD400D3FF44 /* InfoPlist.strings */ = {
			isa = PBXVariantGroup;
			children = (
				B3A43E0F17A1ABD400D3FF44 /* en */,
			);
			name = InfoPlist.strings;
			sourceTree = "<group>";
		};
		B3A43E1D17A1ABD400D3FF44 /* MainStoryboard_iPhone.storyboard */ = {
			isa = PBXVariantGroup;
			children = (
				B3A43E1E17A1ABD400D3FF44 /* en */,
			);
			name = MainStoryboard_iPhone.storyboard;
			sourceTree = "<group>";
		};
		B3A43E2017A1ABD400D3FF44 /* MainStoryboard_iPad.storyboard */ = {
			isa = PBXVariantGroup;
			children = (
				B3A43E2117A1ABD400D3FF44 /* en */,
			);
			name = MainStoryboard_iPad.storyboard;
			sourceTree = "<group>";
		};
/* End PBXVariantGroup section */

/* Begin XCBuildConfiguration section */
		B3A43E2617A1ABD400D3FF44 /* Debug */ = {
			isa = XCBuildConfiguration;
			buildSettings = {
				ALWAYS_SEARCH_USER_PATHS = NO;
				CLANG_CXX_LANGUAGE_STANDARD = "gnu++0x";
				CLANG_CXX_LIBRARY = "libc++";
				CLANG_ENABLE_OBJC_ARC = YES;
				CLANG_WARN_CONSTANT_CONVERSION = YES;
				CLANG_WARN_EMPTY_BODY = YES;
				CLANG_WARN_ENUM_CONVERSION = YES;
				CLANG_WARN_INT_CONVERSION = YES;
				CLANG_WARN__DUPLICATE_METHOD_MATCH = YES;
				"CODE_SIGN_IDENTITY[sdk=iphoneos*]" = "iPhone Developer";
				COPY_PHASE_STRIP = NO;
				GCC_C_LANGUAGE_STANDARD = gnu99;
				GCC_DYNAMIC_NO_PIC = NO;
				GCC_OPTIMIZATION_LEVEL = 0;
				GCC_PREPROCESSOR_DEFINITIONS = (
					"DEBUG=1",
					"$(inherited)",
				);
				GCC_SYMBOLS_PRIVATE_EXTERN = NO;
				GCC_WARN_ABOUT_RETURN_TYPE = YES;
				GCC_WARN_UNINITIALIZED_AUTOS = YES;
				GCC_WARN_UNUSED_VARIABLE = YES;
				IPHONEOS_DEPLOYMENT_TARGET = 6.1;
				ONLY_ACTIVE_ARCH = YES;
				SDKROOT = iphoneos;
				TARGETED_DEVICE_FAMILY = "1,2";
			};
			name = Debug;
		};
		B3A43E2717A1ABD400D3FF44 /* Release */ = {
			isa = XCBuildConfiguration;
			buildSettings = {
				ALWAYS_SEARCH_USER_PATHS = NO;
				CLANG_CXX_LANGUAGE_STANDARD = "gnu++0x";
				CLANG_CXX_LIBRARY = "libc++";
				CLANG_ENABLE_OBJC_ARC = YES;
				CLANG_WARN_CONSTANT_CONVERSION = YES;
				CLANG_WARN_EMPTY_BODY = YES;
				CLANG_WARN_ENUM_CONVERSION = YES;
				CLANG_WARN_INT_CONVERSION = YES;
				CLANG_WARN__DUPLICATE_METHOD_MATCH = YES;
				"CODE_SIGN_IDENTITY[sdk=iphoneos*]" = "iPhone Developer";
				COPY_PHASE_STRIP = YES;
				GCC_C_LANGUAGE_STANDARD = gnu99;
				GCC_WARN_ABOUT_RETURN_TYPE = YES;
				GCC_WARN_UNINITIALIZED_AUTOS = YES;
				GCC_WARN_UNUSED_VARIABLE = YES;
				IPHONEOS_DEPLOYMENT_TARGET = 6.1;
				OTHER_CFLAGS = "-DNS_BLOCK_ASSERTIONS=1";
				SDKROOT = iphoneos;
				TARGETED_DEVICE_FAMILY = "1,2";
				VALIDATE_PRODUCT = YES;
			};
			name = Release;
		};
		B3A43E2917A1ABD400D3FF44 /* Debug */ = {
			isa = XCBuildConfiguration;
			buildSettings = {
				ASSETCATALOG_COMPILER_APPICON_NAME = AppIcon;
				ASSETCATALOG_COMPILER_LAUNCHIMAGE_NAME = LaunchImage;
				CODE_SIGN_IDENTITY = "iPhone Developer";
				"CODE_SIGN_IDENTITY[sdk=iphoneos*]" = "iPhone Developer";
				FRAMEWORK_SEARCH_PATHS = (
					"$(inherited)",
					"$(DEVELOPER_FRAMEWORKS_DIR)",
					/Users/AeC/Desktop,
				);
				GCC_PRECOMPILE_PREFIX_HEADER = YES;
				GCC_PREFIX_HEADER = "Foil/Foil-Prefix.pch";
				HEADER_SEARCH_PATHS = (
					"$(inherited)/**",
					/Applications/Xcode.app/Contents/Developer/Toolchains/XcodeDefault.xctoolchain/usr/include,
				);
				INFOPLIST_FILE = "Foil/Foil-Info.plist";
				IPHONEOS_DEPLOYMENT_TARGET = 6.1;
				OTHER_LDFLAGS = "-ObjC";
				PRODUCT_NAME = "$(TARGET_NAME)";
				PROVISIONING_PROFILE = "";
				TARGETED_DEVICE_FAMILY = 1;
				WRAPPER_EXTENSION = app;
			};
			name = Debug;
		};
		B3A43E2A17A1ABD400D3FF44 /* Release */ = {
			isa = XCBuildConfiguration;
			buildSettings = {
				ASSETCATALOG_COMPILER_APPICON_NAME = AppIcon;
				ASSETCATALOG_COMPILER_LAUNCHIMAGE_NAME = LaunchImage;
				CODE_SIGN_IDENTITY = "iPhone Developer";
				"CODE_SIGN_IDENTITY[sdk=iphoneos*]" = "iPhone Developer";
				FRAMEWORK_SEARCH_PATHS = (
					"$(inherited)",
					"$(DEVELOPER_FRAMEWORKS_DIR)",
					/Users/AeC/Desktop,
				);
				GCC_PRECOMPILE_PREFIX_HEADER = YES;
				GCC_PREFIX_HEADER = "Foil/Foil-Prefix.pch";
				HEADER_SEARCH_PATHS = (
					"$(inherited)/**",
					/Applications/Xcode.app/Contents/Developer/Toolchains/XcodeDefault.xctoolchain/usr/include,
				);
				INFOPLIST_FILE = "Foil/Foil-Info.plist";
				IPHONEOS_DEPLOYMENT_TARGET = 6.1;
				OTHER_LDFLAGS = "-ObjC";
				PRODUCT_NAME = "$(TARGET_NAME)";
				PROVISIONING_PROFILE = "";
				TARGETED_DEVICE_FAMILY = 1;
				WRAPPER_EXTENSION = app;
			};
			name = Release;
		};
/* End XCBuildConfiguration section */

/* Begin XCConfigurationList section */
		B3A43DFD17A1ABD400D3FF44 /* Build configuration list for PBXProject "Foil" */ = {
			isa = XCConfigurationList;
			buildConfigurations = (
				B3A43E2617A1ABD400D3FF44 /* Debug */,
				B3A43E2717A1ABD400D3FF44 /* Release */,
			);
			defaultConfigurationIsVisible = 0;
			defaultConfigurationName = Release;
		};
		B3A43E2817A1ABD400D3FF44 /* Build configuration list for PBXNativeTarget "Foil" */ = {
			isa = XCConfigurationList;
			buildConfigurations = (
				B3A43E2917A1ABD400D3FF44 /* Debug */,
				B3A43E2A17A1ABD400D3FF44 /* Release */,
			);
			defaultConfigurationIsVisible = 0;
			defaultConfigurationName = Release;
		};
/* End XCConfigurationList section */
	};
	rootObject = B3A43DFA17A1ABD400D3FF44 /* Project object */;
}
